// !$*UTF8*$!
{
	archiveVersion = 1;
	classes = {
	};
	objectVersion = 54;
	objects = {

/* Begin PBXBuildFile section */
		7504A48929AB80CD00732F40 /* AppDelegate.swift in Sources */ = {isa = PBXBuildFile; fileRef = 7504A48829AB80CD00732F40 /* AppDelegate.swift */; };
		7504A48B29AB80CD00732F40 /* SceneDelegate.swift in Sources */ = {isa = PBXBuildFile; fileRef = 7504A48A29AB80CD00732F40 /* SceneDelegate.swift */; };
		7504A48D29AB80CD00732F40 /* MainViewController.swift in Sources */ = {isa = PBXBuildFile; fileRef = 7504A48C29AB80CD00732F40 /* MainViewController.swift */; };
		7504A49229AB80CE00732F40 /* Assets.xcassets in Resources */ = {isa = PBXBuildFile; fileRef = 7504A49129AB80CE00732F40 /* Assets.xcassets */; };
		7504A4A429AB83E800732F40 /* RecipeViewController.swift in Sources */ = {isa = PBXBuildFile; fileRef = 7504A4A329AB83E800732F40 /* RecipeViewController.swift */; };
		B32DA5FB29AF5B8200607885 /* CategoriesViewController.swift in Sources */ = {isa = PBXBuildFile; fileRef = B32DA5FA29AF5B8200607885 /* CategoriesViewController.swift */; };
		B3F6535B29BB650600821F21 /* SearchNotFoundView.swift in Sources */ = {isa = PBXBuildFile; fileRef = B3F6535A29BB650600821F21 /* SearchNotFoundView.swift */; };
		C34E530129B21F980043D066 /* RecipeTableView.swift in Sources */ = {isa = PBXBuildFile; fileRef = C34E530029B21F980043D066 /* RecipeTableView.swift */; };
		CCADCC8329AE4E0900D87FF6 /* Coordinator.swift in Sources */ = {isa = PBXBuildFile; fileRef = CCADCC8229AE4E0900D87FF6 /* Coordinator.swift */; };
		CCADCC8529AE4F0300D87FF6 /* MainCoordinator.swift in Sources */ = {isa = PBXBuildFile; fileRef = CCADCC8429AE4F0300D87FF6 /* MainCoordinator.swift */; };
		CCADCC8729AE609E00D87FF6 /* TabBarController.swift in Sources */ = {isa = PBXBuildFile; fileRef = CCADCC8629AE609E00D87FF6 /* TabBarController.swift */; };
		CCADCC8A29AE795C00D87FF6 /* LaunchScreenVC.swift in Sources */ = {isa = PBXBuildFile; fileRef = CCADCC8929AE795C00D87FF6 /* LaunchScreenVC.swift */; };
		CCADCC8C29AE7D7000D87FF6 /* RecipeImageView.swift in Sources */ = {isa = PBXBuildFile; fileRef = CCADCC8B29AE7D7000D87FF6 /* RecipeImageView.swift */; };
		CCADCC9029AE819A00D87FF6 /* SearchViewController.swift in Sources */ = {isa = PBXBuildFile; fileRef = CCADCC8F29AE819A00D87FF6 /* SearchViewController.swift */; };
		CCADCC9229AE81E100D87FF6 /* FavoriteViewController.swift in Sources */ = {isa = PBXBuildFile; fileRef = CCADCC9129AE81E100D87FF6 /* FavoriteViewController.swift */; };
		CCADCC9429AE989E00D87FF6 /* ListRecipeViewController.swift in Sources */ = {isa = PBXBuildFile; fileRef = CCADCC9329AE989E00D87FF6 /* ListRecipeViewController.swift */; };
		CCADCC9629AEAA6100D87FF6 /* CookManager.swift in Sources */ = {isa = PBXBuildFile; fileRef = CCADCC9529AEAA6100D87FF6 /* CookManager.swift */; };
		CCB6A1A729AF3C1E0012E0E8 /* CookStruct.swift in Sources */ = {isa = PBXBuildFile; fileRef = CCB6A1A629AF3C1E0012E0E8 /* CookStruct.swift */; };
		CCB6A1A929AF3DDC0012E0E8 /* CookModel.swift in Sources */ = {isa = PBXBuildFile; fileRef = CCB6A1A829AF3DDC0012E0E8 /* CookModel.swift */; };
		CCB6A1AD29AF4A8D0012E0E8 /* RecipeViewCell.swift in Sources */ = {isa = PBXBuildFile; fileRef = CCB6A1AC29AF4A8D0012E0E8 /* RecipeViewCell.swift */; };
		CCB6A1B429B074F60012E0E8 /* CategoriesCollectionView.swift in Sources */ = {isa = PBXBuildFile; fileRef = CCB6A1B229B074F60012E0E8 /* CategoriesCollectionView.swift */; };
		CCB6A1B529B074F60012E0E8 /* CategoriesLabelAndImageView.swift in Sources */ = {isa = PBXBuildFile; fileRef = CCB6A1B329B074F60012E0E8 /* CategoriesLabelAndImageView.swift */; };
		CCB6A1B729B0759D0012E0E8 /* CategoriesCollectionViewCell.swift in Sources */ = {isa = PBXBuildFile; fileRef = CCB6A1B629B0759D0012E0E8 /* CategoriesCollectionViewCell.swift */; };
		CCDDCECB29B74AEF0036AB35 /* LayoutBuilder.swift in Sources */ = {isa = PBXBuildFile; fileRef = CCDDCECA29B74AEF0036AB35 /* LayoutBuilder.swift */; };
		CCDDCECD29B74B000036AB35 /* RecipeCollectionViewCell.swift in Sources */ = {isa = PBXBuildFile; fileRef = CCDDCECC29B74B000036AB35 /* RecipeCollectionViewCell.swift */; };
		CCDDCECF29B74B050036AB35 /* CellBuilder.swift in Sources */ = {isa = PBXBuildFile; fileRef = CCDDCECE29B74B050036AB35 /* CellBuilder.swift */; };
		CCDDCED129B85A910036AB35 /* Text.swift in Sources */ = {isa = PBXBuildFile; fileRef = CCDDCED029B85A910036AB35 /* Text.swift */; };
		CCE1DBD529B1014200061C24 /* SearchHeaderView.swift in Sources */ = {isa = PBXBuildFile; fileRef = CCE1DBD429B1014200061C24 /* SearchHeaderView.swift */; };
/* End PBXBuildFile section */

/* Begin PBXFileReference section */
		7504A48529AB80CD00732F40 /* СookBook.app */ = {isa = PBXFileReference; explicitFileType = wrapper.application; includeInIndex = 0; path = "СookBook.app"; sourceTree = BUILT_PRODUCTS_DIR; };
		7504A48829AB80CD00732F40 /* AppDelegate.swift */ = {isa = PBXFileReference; lastKnownFileType = sourcecode.swift; path = AppDelegate.swift; sourceTree = "<group>"; };
		7504A48A29AB80CD00732F40 /* SceneDelegate.swift */ = {isa = PBXFileReference; lastKnownFileType = sourcecode.swift; path = SceneDelegate.swift; sourceTree = "<group>"; };
		7504A48C29AB80CD00732F40 /* MainViewController.swift */ = {isa = PBXFileReference; lastKnownFileType = sourcecode.swift; path = MainViewController.swift; sourceTree = "<group>"; };
		7504A49129AB80CE00732F40 /* Assets.xcassets */ = {isa = PBXFileReference; lastKnownFileType = folder.assetcatalog; path = Assets.xcassets; sourceTree = "<group>"; };
		7504A49629AB80CE00732F40 /* Info.plist */ = {isa = PBXFileReference; lastKnownFileType = text.plist.xml; path = Info.plist; sourceTree = "<group>"; };
		7504A4A329AB83E800732F40 /* RecipeViewController.swift */ = {isa = PBXFileReference; lastKnownFileType = sourcecode.swift; path = RecipeViewController.swift; sourceTree = "<group>"; };
		B32DA5FA29AF5B8200607885 /* CategoriesViewController.swift */ = {isa = PBXFileReference; lastKnownFileType = sourcecode.swift; path = CategoriesViewController.swift; sourceTree = "<group>"; };
		B3F6535A29BB650600821F21 /* SearchNotFoundView.swift */ = {isa = PBXFileReference; lastKnownFileType = sourcecode.swift; path = SearchNotFoundView.swift; sourceTree = "<group>"; };
		C34E530029B21F980043D066 /* RecipeTableView.swift */ = {isa = PBXFileReference; fileEncoding = 4; lastKnownFileType = sourcecode.swift; path = RecipeTableView.swift; sourceTree = "<group>"; };
		CCADCC8229AE4E0900D87FF6 /* Coordinator.swift */ = {isa = PBXFileReference; lastKnownFileType = sourcecode.swift; path = Coordinator.swift; sourceTree = "<group>"; };
		CCADCC8429AE4F0300D87FF6 /* MainCoordinator.swift */ = {isa = PBXFileReference; lastKnownFileType = sourcecode.swift; path = MainCoordinator.swift; sourceTree = "<group>"; };
		CCADCC8629AE609E00D87FF6 /* TabBarController.swift */ = {isa = PBXFileReference; lastKnownFileType = sourcecode.swift; path = TabBarController.swift; sourceTree = "<group>"; };
		CCADCC8929AE795C00D87FF6 /* LaunchScreenVC.swift */ = {isa = PBXFileReference; lastKnownFileType = sourcecode.swift; path = LaunchScreenVC.swift; sourceTree = "<group>"; };
		CCADCC8B29AE7D7000D87FF6 /* RecipeImageView.swift */ = {isa = PBXFileReference; lastKnownFileType = sourcecode.swift; name = RecipeImageView.swift; path = "СookBook/Controller/RecipeImageView.swift"; sourceTree = SOURCE_ROOT; };
		CCADCC8F29AE819A00D87FF6 /* SearchViewController.swift */ = {isa = PBXFileReference; lastKnownFileType = sourcecode.swift; path = SearchViewController.swift; sourceTree = "<group>"; };
		CCADCC9129AE81E100D87FF6 /* FavoriteViewController.swift */ = {isa = PBXFileReference; lastKnownFileType = sourcecode.swift; path = FavoriteViewController.swift; sourceTree = "<group>"; };
		CCADCC9329AE989E00D87FF6 /* ListRecipeViewController.swift */ = {isa = PBXFileReference; lastKnownFileType = sourcecode.swift; path = ListRecipeViewController.swift; sourceTree = "<group>"; };
		CCADCC9529AEAA6100D87FF6 /* CookManager.swift */ = {isa = PBXFileReference; lastKnownFileType = sourcecode.swift; path = CookManager.swift; sourceTree = "<group>"; };
		CCB6A1A629AF3C1E0012E0E8 /* CookStruct.swift */ = {isa = PBXFileReference; lastKnownFileType = sourcecode.swift; path = CookStruct.swift; sourceTree = "<group>"; };
		CCB6A1A829AF3DDC0012E0E8 /* CookModel.swift */ = {isa = PBXFileReference; lastKnownFileType = sourcecode.swift; path = CookModel.swift; sourceTree = "<group>"; };
		CCB6A1AC29AF4A8D0012E0E8 /* RecipeViewCell.swift */ = {isa = PBXFileReference; lastKnownFileType = sourcecode.swift; name = RecipeViewCell.swift; path = "СookBook/Model/RecipeViewCell.swift"; sourceTree = SOURCE_ROOT; };
		CCB6A1B229B074F60012E0E8 /* CategoriesCollectionView.swift */ = {isa = PBXFileReference; fileEncoding = 4; lastKnownFileType = sourcecode.swift; path = CategoriesCollectionView.swift; sourceTree = "<group>"; };
		CCB6A1B329B074F60012E0E8 /* CategoriesLabelAndImageView.swift */ = {isa = PBXFileReference; fileEncoding = 4; lastKnownFileType = sourcecode.swift; path = CategoriesLabelAndImageView.swift; sourceTree = "<group>"; };
		CCB6A1B629B0759D0012E0E8 /* CategoriesCollectionViewCell.swift */ = {isa = PBXFileReference; fileEncoding = 4; lastKnownFileType = sourcecode.swift; path = CategoriesCollectionViewCell.swift; sourceTree = "<group>"; };
		CCDDCECA29B74AEF0036AB35 /* LayoutBuilder.swift */ = {isa = PBXFileReference; fileEncoding = 4; lastKnownFileType = sourcecode.swift; path = LayoutBuilder.swift; sourceTree = "<group>"; };
		CCDDCECC29B74B000036AB35 /* RecipeCollectionViewCell.swift */ = {isa = PBXFileReference; fileEncoding = 4; lastKnownFileType = sourcecode.swift; path = RecipeCollectionViewCell.swift; sourceTree = "<group>"; };
		CCDDCECE29B74B050036AB35 /* CellBuilder.swift */ = {isa = PBXFileReference; fileEncoding = 4; lastKnownFileType = sourcecode.swift; path = CellBuilder.swift; sourceTree = "<group>"; };
		CCDDCED029B85A910036AB35 /* Text.swift */ = {isa = PBXFileReference; fileEncoding = 4; lastKnownFileType = sourcecode.swift; path = Text.swift; sourceTree = "<group>"; };
		CCE1DBD429B1014200061C24 /* SearchHeaderView.swift */ = {isa = PBXFileReference; lastKnownFileType = sourcecode.swift; path = SearchHeaderView.swift; sourceTree = "<group>"; };
/* End PBXFileReference section */

/* Begin PBXFrameworksBuildPhase section */
		7504A48229AB80CD00732F40 /* Frameworks */ = {
			isa = PBXFrameworksBuildPhase;
			buildActionMask = 2147483647;
			files = (
			);
			runOnlyForDeploymentPostprocessing = 0;
		};
/* End PBXFrameworksBuildPhase section */

/* Begin PBXGroup section */
		7504A47C29AB80CD00732F40 = {
			isa = PBXGroup;
			children = (
				7504A48729AB80CD00732F40 /* СookBook */,
				7504A48629AB80CD00732F40 /* Products */,
			);
			sourceTree = "<group>";
		};
		7504A48629AB80CD00732F40 /* Products */ = {
			isa = PBXGroup;
			children = (
				7504A48529AB80CD00732F40 /* СookBook.app */,
			);
			name = Products;
			sourceTree = "<group>";
		};
		7504A48729AB80CD00732F40 /* СookBook */ = {
			isa = PBXGroup;
			children = (
				7504A49629AB80CE00732F40 /* Info.plist */,
				7504A49129AB80CE00732F40 /* Assets.xcassets */,
				7504A48829AB80CD00732F40 /* AppDelegate.swift */,
				7504A48A29AB80CD00732F40 /* SceneDelegate.swift */,
				CCDDCEC929B74ACB0036AB35 /* CompositionalLayout */,
				CCADCC7B29AE4BC200D87FF6 /* Coordinator */,
				7504A49C29AB819900732F40 /* Controller */,
				7504A49D29AB81E300732F40 /* View */,
				7504A49E29AB81F200732F40 /* Model */,
			);
			path = "СookBook";
			sourceTree = "<group>";
		};
		7504A49C29AB819900732F40 /* Controller */ = {
			isa = PBXGroup;
			children = (
				7504A48C29AB80CD00732F40 /* MainViewController.swift */,
				7504A4A329AB83E800732F40 /* RecipeViewController.swift */,
				CCADCC8629AE609E00D87FF6 /* TabBarController.swift */,
				CCADCC8929AE795C00D87FF6 /* LaunchScreenVC.swift */,
				CCADCC8F29AE819A00D87FF6 /* SearchViewController.swift */,
				CCADCC9129AE81E100D87FF6 /* FavoriteViewController.swift */,
				CCADCC9329AE989E00D87FF6 /* ListRecipeViewController.swift */,
				B32DA5FA29AF5B8200607885 /* CategoriesViewController.swift */,
			);
			path = Controller;
			sourceTree = "<group>";
		};
		7504A49D29AB81E300732F40 /* View */ = {
			isa = PBXGroup;
			children = (
				CCB6A1B829B075A60012E0E8 /* cell */,
				CCB6A1B229B074F60012E0E8 /* CategoriesCollectionView.swift */,
				CCB6A1B329B074F60012E0E8 /* CategoriesLabelAndImageView.swift */,
				CCADCC8B29AE7D7000D87FF6 /* RecipeImageView.swift */,
				CCB6A1AC29AF4A8D0012E0E8 /* RecipeViewCell.swift */,
				CCE1DBD429B1014200061C24 /* SearchHeaderView.swift */,
				C34E530029B21F980043D066 /* RecipeTableView.swift */,
				B3F6535A29BB650600821F21 /* SearchNotFoundView.swift */,
			);
			path = View;
			sourceTree = "<group>";
		};
		7504A49E29AB81F200732F40 /* Model */ = {
			isa = PBXGroup;
			children = (
				CCADCC9529AEAA6100D87FF6 /* CookManager.swift */,
				CCB6A1A629AF3C1E0012E0E8 /* CookStruct.swift */,
				CCB6A1A829AF3DDC0012E0E8 /* CookModel.swift */,
			);
			path = Model;
			sourceTree = "<group>";
		};
		CCADCC7B29AE4BC200D87FF6 /* Coordinator */ = {
			isa = PBXGroup;
			children = (
				CCADCC8229AE4E0900D87FF6 /* Coordinator.swift */,
				CCADCC8429AE4F0300D87FF6 /* MainCoordinator.swift */,
			);
			path = Coordinator;
			sourceTree = "<group>";
		};
		CCB6A1B829B075A60012E0E8 /* cell */ = {
			isa = PBXGroup;
			children = (
				CCB6A1B629B0759D0012E0E8 /* CategoriesCollectionViewCell.swift */,
			);
			path = cell;
			sourceTree = "<group>";
		};
		CCDDCEC929B74ACB0036AB35 /* CompositionalLayout */ = {
			isa = PBXGroup;
			children = (
				CCDDCECA29B74AEF0036AB35 /* LayoutBuilder.swift */,
				CCDDCECE29B74B050036AB35 /* CellBuilder.swift */,
				CCDDCED029B85A910036AB35 /* Text.swift */,
				CCDDCECC29B74B000036AB35 /* RecipeCollectionViewCell.swift */,
			);
			path = CompositionalLayout;
			sourceTree = "<group>";
		};
/* End PBXGroup section */

/* Begin PBXNativeTarget section */
		7504A48429AB80CD00732F40 /* СookBook */ = {
			isa = PBXNativeTarget;
			buildConfigurationList = 7504A49929AB80CE00732F40 /* Build configuration list for PBXNativeTarget "СookBook" */;
			buildPhases = (
				7504A48129AB80CD00732F40 /* Sources */,
				7504A48229AB80CD00732F40 /* Frameworks */,
				7504A48329AB80CD00732F40 /* Resources */,
			);
			buildRules = (
			);
			dependencies = (
			);
			name = "СookBook";
			productName = "СookBook";
			productReference = 7504A48529AB80CD00732F40 /* СookBook.app */;
			productType = "com.apple.product-type.application";
		};
/* End PBXNativeTarget section */

/* Begin PBXProject section */
		7504A47D29AB80CD00732F40 /* Project object */ = {
			isa = PBXProject;
			attributes = {
				BuildIndependentTargetsInParallel = 1;
				LastSwiftUpdateCheck = 1410;
				LastUpgradeCheck = 1410;
				TargetAttributes = {
					7504A48429AB80CD00732F40 = {
						CreatedOnToolsVersion = 14.1;
					};
				};
			};
			buildConfigurationList = 7504A48029AB80CD00732F40 /* Build configuration list for PBXProject "СookBook" */;
			compatibilityVersion = "Xcode 12.0";
			developmentRegion = en;
			hasScannedForEncodings = 0;
			knownRegions = (
				en,
				Base,
			);
			mainGroup = 7504A47C29AB80CD00732F40;
			productRefGroup = 7504A48629AB80CD00732F40 /* Products */;
			projectDirPath = "";
			projectRoot = "";
			targets = (
				7504A48429AB80CD00732F40 /* СookBook */,
			);
		};
/* End PBXProject section */

/* Begin PBXResourcesBuildPhase section */
		7504A48329AB80CD00732F40 /* Resources */ = {
			isa = PBXResourcesBuildPhase;
			buildActionMask = 2147483647;
			files = (
				7504A49229AB80CE00732F40 /* Assets.xcassets in Resources */,
			);
			runOnlyForDeploymentPostprocessing = 0;
		};
/* End PBXResourcesBuildPhase section */

/* Begin PBXSourcesBuildPhase section */
		7504A48129AB80CD00732F40 /* Sources */ = {
			isa = PBXSourcesBuildPhase;
			buildActionMask = 2147483647;
			files = (
				CCADCC8729AE609E00D87FF6 /* TabBarController.swift in Sources */,
				CCADCC9029AE819A00D87FF6 /* SearchViewController.swift in Sources */,
				7504A48D29AB80CD00732F40 /* MainViewController.swift in Sources */,
				CCDDCECB29B74AEF0036AB35 /* LayoutBuilder.swift in Sources */,
				C34E530129B21F980043D066 /* RecipeTableView.swift in Sources */,
				CCADCC9629AEAA6100D87FF6 /* CookManager.swift in Sources */,
				CCB6A1B729B0759D0012E0E8 /* CategoriesCollectionViewCell.swift in Sources */,
				CCADCC8529AE4F0300D87FF6 /* MainCoordinator.swift in Sources */,
				CCADCC8A29AE795C00D87FF6 /* LaunchScreenVC.swift in Sources */,
				CCDDCED129B85A910036AB35 /* Text.swift in Sources */,
				CCB6A1A729AF3C1E0012E0E8 /* CookStruct.swift in Sources */,
				CCB6A1A929AF3DDC0012E0E8 /* CookModel.swift in Sources */,
				7504A48929AB80CD00732F40 /* AppDelegate.swift in Sources */,
				CCB6A1AD29AF4A8D0012E0E8 /* RecipeViewCell.swift in Sources */,
				CCDDCECF29B74B050036AB35 /* CellBuilder.swift in Sources */,
				CCE1DBD529B1014200061C24 /* SearchHeaderView.swift in Sources */,
				CCADCC8C29AE7D7000D87FF6 /* RecipeImageView.swift in Sources */,
				B3F6535B29BB650600821F21 /* SearchNotFoundView.swift in Sources */,
				CCADCC9429AE989E00D87FF6 /* ListRecipeViewController.swift in Sources */,
				CCADCC8329AE4E0900D87FF6 /* Coordinator.swift in Sources */,
				7504A48B29AB80CD00732F40 /* SceneDelegate.swift in Sources */,
				CCADCC9229AE81E100D87FF6 /* FavoriteViewController.swift in Sources */,
				7504A4A429AB83E800732F40 /* RecipeViewController.swift in Sources */,
				CCB6A1B529B074F60012E0E8 /* CategoriesLabelAndImageView.swift in Sources */,
				CCDDCECD29B74B000036AB35 /* RecipeCollectionViewCell.swift in Sources */,
				CCB6A1B429B074F60012E0E8 /* CategoriesCollectionView.swift in Sources */,
				B32DA5FB29AF5B8200607885 /* CategoriesViewController.swift in Sources */,
			);
			runOnlyForDeploymentPostprocessing = 0;
		};
/* End PBXSourcesBuildPhase section */

/* Begin XCBuildConfiguration section */
		7504A49729AB80CE00732F40 /* Debug */ = {
			isa = XCBuildConfiguration;
			buildSettings = {
				ALWAYS_SEARCH_USER_PATHS = NO;
				CLANG_ANALYZER_NONNULL = YES;
				CLANG_ANALYZER_NUMBER_OBJECT_CONVERSION = YES_AGGRESSIVE;
				CLANG_CXX_LANGUAGE_STANDARD = "gnu++20";
				CLANG_ENABLE_MODULES = YES;
				CLANG_ENABLE_OBJC_ARC = YES;
				CLANG_ENABLE_OBJC_WEAK = YES;
				CLANG_WARN_BLOCK_CAPTURE_AUTORELEASING = YES;
				CLANG_WARN_BOOL_CONVERSION = YES;
				CLANG_WARN_COMMA = YES;
				CLANG_WARN_CONSTANT_CONVERSION = YES;
				CLANG_WARN_DEPRECATED_OBJC_IMPLEMENTATIONS = YES;
				CLANG_WARN_DIRECT_OBJC_ISA_USAGE = YES_ERROR;
				CLANG_WARN_DOCUMENTATION_COMMENTS = YES;
				CLANG_WARN_EMPTY_BODY = YES;
				CLANG_WARN_ENUM_CONVERSION = YES;
				CLANG_WARN_INFINITE_RECURSION = YES;
				CLANG_WARN_INT_CONVERSION = YES;
				CLANG_WARN_NON_LITERAL_NULL_CONVERSION = YES;
				CLANG_WARN_OBJC_IMPLICIT_RETAIN_SELF = YES;
				CLANG_WARN_OBJC_LITERAL_CONVERSION = YES;
				CLANG_WARN_OBJC_ROOT_CLASS = YES_ERROR;
				CLANG_WARN_QUOTED_INCLUDE_IN_FRAMEWORK_HEADER = YES;
				CLANG_WARN_RANGE_LOOP_ANALYSIS = YES;
				CLANG_WARN_STRICT_PROTOTYPES = YES;
				CLANG_WARN_SUSPICIOUS_MOVE = YES;
				CLANG_WARN_UNGUARDED_AVAILABILITY = YES_AGGRESSIVE;
				CLANG_WARN_UNREACHABLE_CODE = YES;
				CLANG_WARN__DUPLICATE_METHOD_MATCH = YES;
				COPY_PHASE_STRIP = NO;
				DEBUG_INFORMATION_FORMAT = dwarf;
				ENABLE_STRICT_OBJC_MSGSEND = YES;
				ENABLE_TESTABILITY = YES;
				GCC_C_LANGUAGE_STANDARD = gnu11;
				GCC_DYNAMIC_NO_PIC = NO;
				GCC_NO_COMMON_BLOCKS = YES;
				GCC_OPTIMIZATION_LEVEL = 0;
				GCC_PREPROCESSOR_DEFINITIONS = (
					"DEBUG=1",
					"$(inherited)",
				);
				GCC_WARN_64_TO_32_BIT_CONVERSION = YES;
				GCC_WARN_ABOUT_RETURN_TYPE = YES_ERROR;
				GCC_WARN_UNDECLARED_SELECTOR = YES;
				GCC_WARN_UNINITIALIZED_AUTOS = YES_AGGRESSIVE;
				GCC_WARN_UNUSED_FUNCTION = YES;
				GCC_WARN_UNUSED_VARIABLE = YES;
				IPHONEOS_DEPLOYMENT_TARGET = 16.1;
				MTL_ENABLE_DEBUG_INFO = INCLUDE_SOURCE;
				MTL_FAST_MATH = YES;
				ONLY_ACTIVE_ARCH = YES;
				SDKROOT = iphoneos;
				SWIFT_ACTIVE_COMPILATION_CONDITIONS = DEBUG;
				SWIFT_OPTIMIZATION_LEVEL = "-Onone";
			};
			name = Debug;
		};
		7504A49829AB80CE00732F40 /* Release */ = {
			isa = XCBuildConfiguration;
			buildSettings = {
				ALWAYS_SEARCH_USER_PATHS = NO;
				CLANG_ANALYZER_NONNULL = YES;
				CLANG_ANALYZER_NUMBER_OBJECT_CONVERSION = YES_AGGRESSIVE;
				CLANG_CXX_LANGUAGE_STANDARD = "gnu++20";
				CLANG_ENABLE_MODULES = YES;
				CLANG_ENABLE_OBJC_ARC = YES;
				CLANG_ENABLE_OBJC_WEAK = YES;
				CLANG_WARN_BLOCK_CAPTURE_AUTORELEASING = YES;
				CLANG_WARN_BOOL_CONVERSION = YES;
				CLANG_WARN_COMMA = YES;
				CLANG_WARN_CONSTANT_CONVERSION = YES;
				CLANG_WARN_DEPRECATED_OBJC_IMPLEMENTATIONS = YES;
				CLANG_WARN_DIRECT_OBJC_ISA_USAGE = YES_ERROR;
				CLANG_WARN_DOCUMENTATION_COMMENTS = YES;
				CLANG_WARN_EMPTY_BODY = YES;
				CLANG_WARN_ENUM_CONVERSION = YES;
				CLANG_WARN_INFINITE_RECURSION = YES;
				CLANG_WARN_INT_CONVERSION = YES;
				CLANG_WARN_NON_LITERAL_NULL_CONVERSION = YES;
				CLANG_WARN_OBJC_IMPLICIT_RETAIN_SELF = YES;
				CLANG_WARN_OBJC_LITERAL_CONVERSION = YES;
				CLANG_WARN_OBJC_ROOT_CLASS = YES_ERROR;
				CLANG_WARN_QUOTED_INCLUDE_IN_FRAMEWORK_HEADER = YES;
				CLANG_WARN_RANGE_LOOP_ANALYSIS = YES;
				CLANG_WARN_STRICT_PROTOTYPES = YES;
				CLANG_WARN_SUSPICIOUS_MOVE = YES;
				CLANG_WARN_UNGUARDED_AVAILABILITY = YES_AGGRESSIVE;
				CLANG_WARN_UNREACHABLE_CODE = YES;
				CLANG_WARN__DUPLICATE_METHOD_MATCH = YES;
				COPY_PHASE_STRIP = NO;
				DEBUG_INFORMATION_FORMAT = "dwarf-with-dsym";
				ENABLE_NS_ASSERTIONS = NO;
				ENABLE_STRICT_OBJC_MSGSEND = YES;
				GCC_C_LANGUAGE_STANDARD = gnu11;
				GCC_NO_COMMON_BLOCKS = YES;
				GCC_WARN_64_TO_32_BIT_CONVERSION = YES;
				GCC_WARN_ABOUT_RETURN_TYPE = YES_ERROR;
				GCC_WARN_UNDECLARED_SELECTOR = YES;
				GCC_WARN_UNINITIALIZED_AUTOS = YES_AGGRESSIVE;
				GCC_WARN_UNUSED_FUNCTION = YES;
				GCC_WARN_UNUSED_VARIABLE = YES;
				IPHONEOS_DEPLOYMENT_TARGET = 16.1;
				MTL_ENABLE_DEBUG_INFO = NO;
				MTL_FAST_MATH = YES;
				SDKROOT = iphoneos;
				SWIFT_COMPILATION_MODE = wholemodule;
				SWIFT_OPTIMIZATION_LEVEL = "-O";
				VALIDATE_PRODUCT = YES;
			};
			name = Release;
		};
		7504A49A29AB80CE00732F40 /* Debug */ = {
			isa = XCBuildConfiguration;
			buildSettings = {
				ASSETCATALOG_COMPILER_APPICON_NAME = AppIcon;
				ASSETCATALOG_COMPILER_GLOBAL_ACCENT_COLOR_NAME = AccentColor;
				CODE_SIGN_STYLE = Automatic;
				CURRENT_PROJECT_VERSION = 1;
				GENERATE_INFOPLIST_FILE = YES;
				INFOPLIST_FILE = "СookBook/Info.plist";
				INFOPLIST_KEY_UIApplicationSupportsIndirectInputEvents = YES;
				INFOPLIST_KEY_UILaunchStoryboardName = LaunchScreen;
				INFOPLIST_KEY_UISupportedInterfaceOrientations = UIInterfaceOrientationPortrait;
				INFOPLIST_KEY_UISupportedInterfaceOrientations_iPad = "UIInterfaceOrientationLandscapeLeft UIInterfaceOrientationLandscapeRight UIInterfaceOrientationPortrait UIInterfaceOrientationPortraitUpsideDown";
				IPHONEOS_DEPLOYMENT_TARGET = 14.0;
				LD_RUNPATH_SEARCH_PATHS = (
					"$(inherited)",
					"@executable_path/Frameworks",
				);
				MARKETING_VERSION = 1.0;
				PRODUCT_BUNDLE_IDENTIFIER = "com.tacarlen.-ookBook";
				PRODUCT_NAME = "$(TARGET_NAME)";
				SUPPORTED_PLATFORMS = "iphoneos iphonesimulator";
				SUPPORTS_MACCATALYST = NO;
				SUPPORTS_MAC_DESIGNED_FOR_IPHONE_IPAD = NO;
				SWIFT_EMIT_LOC_STRINGS = YES;
				SWIFT_VERSION = 5.0;
				TARGETED_DEVICE_FAMILY = 1;
			};
			name = Debug;
		};
		7504A49B29AB80CE00732F40 /* Release */ = {
			isa = XCBuildConfiguration;
			buildSettings = {
				ASSETCATALOG_COMPILER_APPICON_NAME = AppIcon;
				ASSETCATALOG_COMPILER_GLOBAL_ACCENT_COLOR_NAME = AccentColor;
				CODE_SIGN_STYLE = Automatic;
				CURRENT_PROJECT_VERSION = 1;
				GENERATE_INFOPLIST_FILE = YES;
				INFOPLIST_FILE = "СookBook/Info.plist";
				INFOPLIST_KEY_UIApplicationSupportsIndirectInputEvents = YES;
				INFOPLIST_KEY_UILaunchStoryboardName = LaunchScreen;
				INFOPLIST_KEY_UISupportedInterfaceOrientations = UIInterfaceOrientationPortrait;
				INFOPLIST_KEY_UISupportedInterfaceOrientations_iPad = "UIInterfaceOrientationLandscapeLeft UIInterfaceOrientationLandscapeRight UIInterfaceOrientationPortrait UIInterfaceOrientationPortraitUpsideDown";
				IPHONEOS_DEPLOYMENT_TARGET = 14.0;
				LD_RUNPATH_SEARCH_PATHS = (
					"$(inherited)",
					"@executable_path/Frameworks",
				);
				MARKETING_VERSION = 1.0;
				PRODUCT_BUNDLE_IDENTIFIER = "com.tacarlen.-ookBook";
				PRODUCT_NAME = "$(TARGET_NAME)";
				SUPPORTED_PLATFORMS = "iphoneos iphonesimulator";
				SUPPORTS_MACCATALYST = NO;
				SUPPORTS_MAC_DESIGNED_FOR_IPHONE_IPAD = NO;
				SWIFT_EMIT_LOC_STRINGS = YES;
				SWIFT_VERSION = 5.0;
				TARGETED_DEVICE_FAMILY = 1;
			};
			name = Release;
		};
/* End XCBuildConfiguration section */

/* Begin XCConfigurationList section */
		7504A48029AB80CD00732F40 /* Build configuration list for PBXProject "СookBook" */ = {
			isa = XCConfigurationList;
			buildConfigurations = (
				7504A49729AB80CE00732F40 /* Debug */,
				7504A49829AB80CE00732F40 /* Release */,
			);
			defaultConfigurationIsVisible = 0;
			defaultConfigurationName = Release;
		};
		7504A49929AB80CE00732F40 /* Build configuration list for PBXNativeTarget "СookBook" */ = {
			isa = XCConfigurationList;
			buildConfigurations = (
				7504A49A29AB80CE00732F40 /* Debug */,
				7504A49B29AB80CE00732F40 /* Release */,
			);
			defaultConfigurationIsVisible = 0;
			defaultConfigurationName = Release;
		};
/* End XCConfigurationList section */
	};
	rootObject = 7504A47D29AB80CD00732F40 /* Project object */;
}
